
Microsoft Visual Studio Solution File, Format Version 12.00
# Visual Studio Version 17
VisualStudioVersion = 17.14.36310.24
MinimumVisualStudioVersion = 10.0.40219.1
Project("{FAE04EC0-301F-11D3-BF4B-00C04F79EFBC}") = "HelloWorld", "HelloWorld\HelloWorld.csproj", "{B04D14FD-F900-4110-BA06-11E1BEB5DABB}"
EndProject
Project("{FAE04EC0-301F-11D3-BF4B-00C04F79EFBC}") = "Secondthirdfourth", "Secondthirdfourth\Secondthirdfourth.csproj", "{51F68814-334B-4890-A229-365D3E8EB177}"
EndProject
Project("{FAE04EC0-301F-11D3-BF4B-00C04F79EFBC}") = "Day3", "Day3\Day3.csproj", "{A290B897-F25A-4862-983F-73CC2BEC88ED}"
EndProject
Project("{FAE04EC0-301F-11D3-BF4B-00C04F79EFBC}") = "Weekend1", "Weekend1\Weekend1.csproj", "{C1D26F9F-4469-44C3-8B9D-803ABEF415CE}"
EndProject
Project("{FAE04EC0-301F-11D3-BF4B-00C04F79EFBC}") = "BaseOverloadingOverriding", "BaseOverloadingOverriding\BaseOverloadingOverriding.csproj", "{F001C9C4-E595-46E9-B14D-55F417F57F4F}"
EndProject
Project("{FAE04EC0-301F-11D3-BF4B-00C04F79EFBC}") = "UpcastingOverriding", "UpcastingOverriding\UpcastingOverriding.csproj", "{07010CC9-DF72-462C-BE5F-116B8E4E4426}"
EndProject
Global
	GlobalSection(SolutionConfigurationPlatforms) = preSolution
		Debug|Any CPU = Debug|Any CPU
		Release|Any CPU = Release|Any CPU
	EndGlobalSection
	GlobalSection(ProjectConfigurationPlatforms) = postSolution
		{B04D14FD-F900-4110-BA06-11E1BEB5DABB}.Debug|Any CPU.ActiveCfg = Debug|Any CPU
		{B04D14FD-F900-4110-BA06-11E1BEB5DABB}.Debug|Any CPU.Build.0 = Debug|Any CPU
		{B04D14FD-F900-4110-BA06-11E1BEB5DABB}.Release|Any CPU.ActiveCfg = Release|Any CPU
		{B04D14FD-F900-4110-BA06-11E1BEB5DABB}.Release|Any CPU.Build.0 = Release|Any CPU
		{51F68814-334B-4890-A229-365D3E8EB177}.Debug|Any CPU.ActiveCfg = Debug|Any CPU
		{51F68814-334B-4890-A229-365D3E8EB177}.Debug|Any CPU.Build.0 = Debug|Any CPU
		{51F68814-334B-4890-A229-365D3E8EB177}.Release|Any CPU.ActiveCfg = Release|Any CPU
		{51F68814-334B-4890-A229-365D3E8EB177}.Release|Any CPU.Build.0 = Release|Any CPU
		{A290B897-F25A-4862-983F-73CC2BEC88ED}.Debug|Any CPU.ActiveCfg = Debug|Any CPU
		{A290B897-F25A-4862-983F-73CC2BEC88ED}.Debug|Any CPU.Build.0 = Debug|Any CPU
		{A290B897-F25A-4862-983F-73CC2BEC88ED}.Release|Any CPU.ActiveCfg = Release|Any CPU
		{A290B897-F25A-4862-983F-73CC2BEC88ED}.Release|Any CPU.Build.0 = Release|Any CPU
		{C1D26F9F-4469-44C3-8B9D-803ABEF415CE}.Debug|Any CPU.ActiveCfg = Debug|Any CPU
		{C1D26F9F-4469-44C3-8B9D-803ABEF415CE}.Debug|Any CPU.Build.0 = Debug|Any CPU
		{C1D26F9F-4469-44C3-8B9D-803ABEF415CE}.Release|Any CPU.ActiveCfg = Release|Any CPU
		{C1D26F9F-4469-44C3-8B9D-803ABEF415CE}.Release|Any CPU.Build.0 = Release|Any CPU
		{F001C9C4-E595-46E9-B14D-55F417F57F4F}.Debug|Any CPU.ActiveCfg = Debug|Any CPU
		{F001C9C4-E595-46E9-B14D-55F417F57F4F}.Debug|Any CPU.Build.0 = Debug|Any CPU
		{F001C9C4-E595-46E9-B14D-55F417F57F4F}.Release|Any CPU.ActiveCfg = Release|Any CPU
		{F001C9C4-E595-46E9-B14D-55F417F57F4F}.Release|Any CPU.Build.0 = Release|Any CPU
		{07010CC9-DF72-462C-BE5F-116B8E4E4426}.Debug|Any CPU.ActiveCfg = Debug|Any CPU
		{07010CC9-DF72-462C-BE5F-116B8E4E4426}.Debug|Any CPU.Build.0 = Debug|Any CPU
		{07010CC9-DF72-462C-BE5F-116B8E4E4426}.Release|Any CPU.ActiveCfg = Release|Any CPU
		{07010CC9-DF72-462C-BE5F-116B8E4E4426}.Release|Any CPU.Build.0 = Release|Any CPU
	EndGlobalSection
	GlobalSection(SolutionProperties) = preSolution
		HideSolutionNode = FALSE
	EndGlobalSection
	GlobalSection(ExtensibilityGlobals) = postSolution
		SolutionGuid = {A5B1BD2F-BD49-44C3-8CD6-AD4111271BD1}
	EndGlobalSection
EndGlobal
